
Microsoft Visual Studio Solution File, Format Version 12.00
# Visual Studio Version 17
VisualStudioVersion = 17.14.36109.1 d17.14
MinimumVisualStudioVersion = 10.0.40219.1
Project("{FAE04EC0-301F-11D3-BF4B-00C04F79EFBC}") = "10000RPGGames", "10000RPGGames\10000RPGGames.csproj", "{479D915B-2D68-4B1A-9350-0357E1CAC76C}"
EndProject
Global
	GlobalSection(SolutionConfigurationPlatforms) = preSolution
		Debug|Any CPU = Debug|Any CPU
		Release|Any CPU = Release|Any CPU
	EndGlobalSection
	GlobalSection(ProjectConfigurationPlatforms) = postSolution
		{479D915B-2D68-4B1A-9350-0357E1CAC76C}.Debug|Any CPU.ActiveCfg = Debug|Any CPU
		{479D915B-2D68-4B1A-9350-0357E1CAC76C}.Debug|Any CPU.Build.0 = Debug|Any CPU
		{479D915B-2D68-4B1A-9350-0357E1CAC76C}.Release|Any CPU.ActiveCfg = Release|Any CPU
		{479D915B-2D68-4B1A-9350-0357E1CAC76C}.Release|Any CPU.Build.0 = Release|Any CPU
	EndGlobalSection
	GlobalSection(SolutionProperties) = preSolution
		HideSolutionNode = FALSE
	EndGlobalSection
	GlobalSection(ExtensibilityGlobals) = postSolution
		SolutionGuid = {AD14C9DB-1879-4D9D-9298-748EE059E487}
	EndGlobalSection
EndGlobal
